
Microsoft Visual Studio Solution File, Format Version 12.00
# Visual Studio Version 17
VisualStudioVersion = 17.11.35208.52
MinimumVisualStudioVersion = 10.0.40219.1
Project("{9A19103F-16F7-4668-BE54-9A1E7A4F7556}") = "NetCoreAPIPostgreSQL", "NetCoreAPIPostgreSQL\NetCoreAPIPostgreSQL.csproj", "{D947E93F-79CC-4010-9FDB-A70C59EC4954}"
EndProject
Project("{9A19103F-16F7-4668-BE54-9A1E7A4F7556}") = "NetCoreAPIPostgreSQL.Data", "NetCoreAPIPostgreSQL.Data\NetCoreAPIPostgreSQL.Data.csproj", "{5FCC9D15-75B8-472A-B174-CF45A29D4947}"
EndProject
Project("{9A19103F-16F7-4668-BE54-9A1E7A4F7556}") = "NetCoreAPIPostgreSQL.Model", "NetCoreAPIPostgreSQL.Model\NetCoreAPIPostgreSQL.Model.csproj", "{9FE54E2C-3CFE-4F6E-9EE6-1835E64D202D}"
EndProject
Global
	GlobalSection(SolutionConfigurationPlatforms) = preSolution
		Debug|Any CPU = Debug|Any CPU
		Release|Any CPU = Release|Any CPU
	EndGlobalSection
	GlobalSection(ProjectConfigurationPlatforms) = postSolution
		{D947E93F-79CC-4010-9FDB-A70C59EC4954}.Debug|Any CPU.ActiveCfg = Debug|Any CPU
		{D947E93F-79CC-4010-9FDB-A70C59EC4954}.Debug|Any CPU.Build.0 = Debug|Any CPU
		{D947E93F-79CC-4010-9FDB-A70C59EC4954}.Release|Any CPU.ActiveCfg = Release|Any CPU
		{D947E93F-79CC-4010-9FDB-A70C59EC4954}.Release|Any CPU.Build.0 = Release|Any CPU
		{5FCC9D15-75B8-472A-B174-CF45A29D4947}.Debug|Any CPU.ActiveCfg = Debug|Any CPU
		{5FCC9D15-75B8-472A-B174-CF45A29D4947}.Debug|Any CPU.Build.0 = Debug|Any CPU
		{5FCC9D15-75B8-472A-B174-CF45A29D4947}.Release|Any CPU.ActiveCfg = Release|Any CPU
		{5FCC9D15-75B8-472A-B174-CF45A29D4947}.Release|Any CPU.Build.0 = Release|Any CPU
		{9FE54E2C-3CFE-4F6E-9EE6-1835E64D202D}.Debug|Any CPU.ActiveCfg = Debug|Any CPU
		{9FE54E2C-3CFE-4F6E-9EE6-1835E64D202D}.Debug|Any CPU.Build.0 = Debug|Any CPU
		{9FE54E2C-3CFE-4F6E-9EE6-1835E64D202D}.Release|Any CPU.ActiveCfg = Release|Any CPU
		{9FE54E2C-3CFE-4F6E-9EE6-1835E64D202D}.Release|Any CPU.Build.0 = Release|Any CPU
	EndGlobalSection
	GlobalSection(SolutionProperties) = preSolution
		HideSolutionNode = FALSE
	EndGlobalSection
	GlobalSection(ExtensibilityGlobals) = postSolution
		SolutionGuid = {A3C38FCB-B341-4688-BB4C-4368C1AC8FA6}
	EndGlobalSection
EndGlobal
